// !$*UTF8*$!
{
	archiveVersion = 1;
	classes = {
	};
	objectVersion = 50;
	objects = {

/* Begin PBXBuildFile section */
		539473B7229D75480097A3E8 /* AppDelegate.swift in Sources */ = {isa = PBXBuildFile; fileRef = 539473B6229D75480097A3E8 /* AppDelegate.swift */; };
		539473B9229D75480097A3E8 /* ViewController.swift in Sources */ = {isa = PBXBuildFile; fileRef = 539473B8229D75480097A3E8 /* ViewController.swift */; };
		539473BC229D75480097A3E8 /* Main.storyboard in Resources */ = {isa = PBXBuildFile; fileRef = 539473BA229D75480097A3E8 /* Main.storyboard */; };
		539473BF229D75480097A3E8 /* PerformanceTester.xcdatamodeld in Sources */ = {isa = PBXBuildFile; fileRef = 539473BD229D75480097A3E8 /* PerformanceTester.xcdatamodeld */; };
		539473C1229D755E0097A3E8 /* Assets.xcassets in Resources */ = {isa = PBXBuildFile; fileRef = 539473C0229D755E0097A3E8 /* Assets.xcassets */; };
		539473C4229D755E0097A3E8 /* LaunchScreen.storyboard in Resources */ = {isa = PBXBuildFile; fileRef = 539473C2229D755E0097A3E8 /* LaunchScreen.storyboard */; };
		539473CF229D755F0097A3E8 /* PerformanceTesterTests.swift in Sources */ = {isa = PBXBuildFile; fileRef = 539473CE229D755F0097A3E8 /* PerformanceTesterTests.swift */; };
		539473DA229D75870097A3E8 /* StaticDispatch.swift in Sources */ = {isa = PBXBuildFile; fileRef = 539473D9229D75870097A3E8 /* StaticDispatch.swift */; };
/* End PBXBuildFile section */

/* Begin PBXContainerItemProxy section */
		539473CB229D755F0097A3E8 /* PBXContainerItemProxy */ = {
			isa = PBXContainerItemProxy;
			containerPortal = 539473AB229D75470097A3E8 /* Project object */;
			proxyType = 1;
			remoteGlobalIDString = 539473B2229D75470097A3E8;
			remoteInfo = PerformanceTester;
		};
/* End PBXContainerItemProxy section */

/* Begin PBXFileReference section */
		539473B3229D75470097A3E8 /* PerformanceTester.app */ = {isa = PBXFileReference; explicitFileType = wrapper.application; includeInIndex = 0; path = PerformanceTester.app; sourceTree = BUILT_PRODUCTS_DIR; };
		539473B6229D75480097A3E8 /* AppDelegate.swift */ = {isa = PBXFileReference; lastKnownFileType = sourcecode.swift; path = AppDelegate.swift; sourceTree = "<group>"; };
		539473B8229D75480097A3E8 /* ViewController.swift */ = {isa = PBXFileReference; lastKnownFileType = sourcecode.swift; path = ViewController.swift; sourceTree = "<group>"; };
		539473BB229D75480097A3E8 /* Base */ = {isa = PBXFileReference; lastKnownFileType = file.storyboard; name = Base; path = Base.lproj/Main.storyboard; sourceTree = "<group>"; };
		539473BE229D75480097A3E8 /* PerformanceTester.xcdatamodel */ = {isa = PBXFileReference; lastKnownFileType = wrapper.xcdatamodel; path = PerformanceTester.xcdatamodel; sourceTree = "<group>"; };
		539473C0229D755E0097A3E8 /* Assets.xcassets */ = {isa = PBXFileReference; lastKnownFileType = folder.assetcatalog; path = Assets.xcassets; sourceTree = "<group>"; };
		539473C3229D755E0097A3E8 /* Base */ = {isa = PBXFileReference; lastKnownFileType = file.storyboard; name = Base; path = Base.lproj/LaunchScreen.storyboard; sourceTree = "<group>"; };
		539473C5229D755E0097A3E8 /* Info.plist */ = {isa = PBXFileReference; lastKnownFileType = text.plist.xml; path = Info.plist; sourceTree = "<group>"; };
		539473CA229D755F0097A3E8 /* PerformanceTesterTests.xctest */ = {isa = PBXFileReference; explicitFileType = wrapper.cfbundle; includeInIndex = 0; path = PerformanceTesterTests.xctest; sourceTree = BUILT_PRODUCTS_DIR; };
		539473CE229D755F0097A3E8 /* PerformanceTesterTests.swift */ = {isa = PBXFileReference; lastKnownFileType = sourcecode.swift; path = PerformanceTesterTests.swift; sourceTree = "<group>"; };
		539473D0229D755F0097A3E8 /* Info.plist */ = {isa = PBXFileReference; lastKnownFileType = text.plist.xml; path = Info.plist; sourceTree = "<group>"; };
		539473D9229D75870097A3E8 /* StaticDispatch.swift */ = {isa = PBXFileReference; lastKnownFileType = sourcecode.swift; path = StaticDispatch.swift; sourceTree = "<group>"; };
/* End PBXFileReference section */

/* Begin PBXFrameworksBuildPhase section */
		539473B0229D75470097A3E8 /* Frameworks */ = {
			isa = PBXFrameworksBuildPhase;
			buildActionMask = 2147483647;
			files = (
			);
			runOnlyForDeploymentPostprocessing = 0;
		};
		539473C7229D755F0097A3E8 /* Frameworks */ = {
			isa = PBXFrameworksBuildPhase;
			buildActionMask = 2147483647;
			files = (
			);
			runOnlyForDeploymentPostprocessing = 0;
		};
/* End PBXFrameworksBuildPhase section */

/* Begin PBXGroup section */
		539473AA229D75470097A3E8 = {
			isa = PBXGroup;
			children = (
				539473B5229D75480097A3E8 /* PerformanceTester */,
				539473CD229D755F0097A3E8 /* PerformanceTesterTests */,
				539473B4229D75470097A3E8 /* Products */,
			);
			sourceTree = "<group>";
		};
		539473B4229D75470097A3E8 /* Products */ = {
			isa = PBXGroup;
			children = (
				539473B3229D75470097A3E8 /* PerformanceTester.app */,
				539473CA229D755F0097A3E8 /* PerformanceTesterTests.xctest */,
			);
			name = Products;
			sourceTree = "<group>";
		};
		539473B5229D75480097A3E8 /* PerformanceTester */ = {
			isa = PBXGroup;
			children = (
				539473D9229D75870097A3E8 /* StaticDispatch.swift */,
				539473B6229D75480097A3E8 /* AppDelegate.swift */,
				539473B8229D75480097A3E8 /* ViewController.swift */,
				539473BA229D75480097A3E8 /* Main.storyboard */,
				539473C0229D755E0097A3E8 /* Assets.xcassets */,
				539473C2229D755E0097A3E8 /* LaunchScreen.storyboard */,
				539473C5229D755E0097A3E8 /* Info.plist */,
				539473BD229D75480097A3E8 /* PerformanceTester.xcdatamodeld */,
			);
			path = PerformanceTester;
			sourceTree = "<group>";
		};
		539473CD229D755F0097A3E8 /* PerformanceTesterTests */ = {
			isa = PBXGroup;
			children = (
				539473CE229D755F0097A3E8 /* PerformanceTesterTests.swift */,
				539473D0229D755F0097A3E8 /* Info.plist */,
			);
			path = PerformanceTesterTests;
			sourceTree = "<group>";
		};
/* End PBXGroup section */

/* Begin PBXNativeTarget section */
		539473B2229D75470097A3E8 /* PerformanceTester */ = {
			isa = PBXNativeTarget;
			buildConfigurationList = 539473D3229D755F0097A3E8 /* Build configuration list for PBXNativeTarget "PerformanceTester" */;
			buildPhases = (
				539473AF229D75470097A3E8 /* Sources */,
				539473B0229D75470097A3E8 /* Frameworks */,
				539473B1229D75470097A3E8 /* Resources */,
			);
			buildRules = (
			);
			dependencies = (
			);
			name = PerformanceTester;
			productName = PerformanceTester;
			productReference = 539473B3229D75470097A3E8 /* PerformanceTester.app */;
			productType = "com.apple.product-type.application";
		};
		539473C9229D755F0097A3E8 /* PerformanceTesterTests */ = {
			isa = PBXNativeTarget;
			buildConfigurationList = 539473D6229D755F0097A3E8 /* Build configuration list for PBXNativeTarget "PerformanceTesterTests" */;
			buildPhases = (
				539473C6229D755F0097A3E8 /* Sources */,
				539473C7229D755F0097A3E8 /* Frameworks */,
				539473C8229D755F0097A3E8 /* Resources */,
			);
			buildRules = (
			);
			dependencies = (
				539473CC229D755F0097A3E8 /* PBXTargetDependency */,
			);
			name = PerformanceTesterTests;
			productName = PerformanceTesterTests;
			productReference = 539473CA229D755F0097A3E8 /* PerformanceTesterTests.xctest */;
			productType = "com.apple.product-type.bundle.unit-test";
		};
/* End PBXNativeTarget section */

/* Begin PBXProject section */
		539473AB229D75470097A3E8 /* Project object */ = {
			isa = PBXProject;
			attributes = {
				LastSwiftUpdateCheck = 1020;
				LastUpgradeCheck = 1020;
				ORGANIZATIONNAME = "Shubham Bakshi";
				TargetAttributes = {
					539473B2229D75470097A3E8 = {
						CreatedOnToolsVersion = 10.2;
					};
					539473C9229D755F0097A3E8 = {
						CreatedOnToolsVersion = 10.2;
						TestTargetID = 539473B2229D75470097A3E8;
					};
				};
			};
			buildConfigurationList = 539473AE229D75470097A3E8 /* Build configuration list for PBXProject "PerformanceTester" */;
			compatibilityVersion = "Xcode 9.3";
			developmentRegion = en;
			hasScannedForEncodings = 0;
			knownRegions = (
				en,
				Base,
			);
			mainGroup = 539473AA229D75470097A3E8;
			productRefGroup = 539473B4229D75470097A3E8 /* Products */;
			projectDirPath = "";
			projectRoot = "";
			targets = (
				539473B2229D75470097A3E8 /* PerformanceTester */,
				539473C9229D755F0097A3E8 /* PerformanceTesterTests */,
			);
		};
/* End PBXProject section */

/* Begin PBXResourcesBuildPhase section */
		539473B1229D75470097A3E8 /* Resources */ = {
			isa = PBXResourcesBuildPhase;
			buildActionMask = 2147483647;
			files = (
				539473C4229D755E0097A3E8 /* LaunchScreen.storyboard in Resources */,
				539473C1229D755E0097A3E8 /* Assets.xcassets in Resources */,
				539473BC229D75480097A3E8 /* Main.storyboard in Resources */,
			);
			runOnlyForDeploymentPostprocessing = 0;
		};
		539473C8229D755F0097A3E8 /* Resources */ = {
			isa = PBXResourcesBuildPhase;
			buildActionMask = 2147483647;
			files = (
			);
			runOnlyForDeploymentPostprocessing = 0;
		};
/* End PBXResourcesBuildPhase section */

/* Begin PBXSourcesBuildPhase section */
		539473AF229D75470097A3E8 /* Sources */ = {
			isa = PBXSourcesBuildPhase;
			buildActionMask = 2147483647;
			files = (
				539473B9229D75480097A3E8 /* ViewController.swift in Sources */,
				539473B7229D75480097A3E8 /* AppDelegate.swift in Sources */,
				539473BF229D75480097A3E8 /* PerformanceTester.xcdatamodeld in Sources */,
				539473DA229D75870097A3E8 /* StaticDispatch.swift in Sources */,
			);
			runOnlyForDeploymentPostprocessing = 0;
		};
		539473C6229D755F0097A3E8 /* Sources */ = {
			isa = PBXSourcesBuildPhase;
			buildActionMask = 2147483647;
			files = (
				539473CF229D755F0097A3E8 /* PerformanceTesterTests.swift in Sources */,
			);
			runOnlyForDeploymentPostprocessing = 0;
		};
/* End PBXSourcesBuildPhase section */

/* Begin PBXTargetDependency section */
		539473CC229D755F0097A3E8 /* PBXTargetDependency */ = {
			isa = PBXTargetDependency;
			target = 539473B2229D75470097A3E8 /* PerformanceTester */;
			targetProxy = 539473CB229D755F0097A3E8 /* PBXContainerItemProxy */;
		};
/* End PBXTargetDependency section */

/* Begin PBXVariantGroup section */
		539473BA229D75480097A3E8 /* Main.storyboard */ = {
			isa = PBXVariantGroup;
			children = (
				539473BB229D75480097A3E8 /* Base */,
			);
			name = Main.storyboard;
			sourceTree = "<group>";
		};
		539473C2229D755E0097A3E8 /* LaunchScreen.storyboard */ = {
			isa = PBXVariantGroup;
			children = (
				539473C3229D755E0097A3E8 /* Base */,
			);
			name = LaunchScreen.storyboard;
			sourceTree = "<group>";
		};
/* End PBXVariantGroup section */

/* Begin XCBuildConfiguration section */
		539473D1229D755F0097A3E8 /* Debug */ = {
			isa = XCBuildConfiguration;
			buildSettings = {
				ALWAYS_SEARCH_USER_PATHS = NO;
				CLANG_ANALYZER_NONNULL = YES;
				CLANG_ANALYZER_NUMBER_OBJECT_CONVERSION = YES_AGGRESSIVE;
				CLANG_CXX_LANGUAGE_STANDARD = "gnu++14";
				CLANG_CXX_LIBRARY = "libc++";
				CLANG_ENABLE_MODULES = YES;
				CLANG_ENABLE_OBJC_ARC = YES;
				CLANG_ENABLE_OBJC_WEAK = YES;
				CLANG_WARN_BLOCK_CAPTURE_AUTORELEASING = YES;
				CLANG_WARN_BOOL_CONVERSION = YES;
				CLANG_WARN_COMMA = YES;
				CLANG_WARN_CONSTANT_CONVERSION = YES;
				CLANG_WARN_DEPRECATED_OBJC_IMPLEMENTATIONS = YES;
				CLANG_WARN_DIRECT_OBJC_ISA_USAGE = YES_ERROR;
				CLANG_WARN_DOCUMENTATION_COMMENTS = YES;
				CLANG_WARN_EMPTY_BODY = YES;
				CLANG_WARN_ENUM_CONVERSION = YES;
				CLANG_WARN_INFINITE_RECURSION = YES;
				CLANG_WARN_INT_CONVERSION = YES;
				CLANG_WARN_NON_LITERAL_NULL_CONVERSION = YES;
				CLANG_WARN_OBJC_IMPLICIT_RETAIN_SELF = YES;
				CLANG_WARN_OBJC_LITERAL_CONVERSION = YES;
				CLANG_WARN_OBJC_ROOT_CLASS = YES_ERROR;
				CLANG_WARN_RANGE_LOOP_ANALYSIS = YES;
				CLANG_WARN_STRICT_PROTOTYPES = YES;
				CLANG_WARN_SUSPICIOUS_MOVE = YES;
				CLANG_WARN_UNGUARDED_AVAILABILITY = YES_AGGRESSIVE;
				CLANG_WARN_UNREACHABLE_CODE = YES;
				CLANG_WARN__DUPLICATE_METHOD_MATCH = YES;
				CODE_SIGN_IDENTITY = "iPhone Developer";
				COPY_PHASE_STRIP = NO;
				DEBUG_INFORMATION_FORMAT = dwarf;
				ENABLE_STRICT_OBJC_MSGSEND = YES;
				ENABLE_TESTABILITY = YES;
				GCC_C_LANGUAGE_STANDARD = gnu11;
				GCC_DYNAMIC_NO_PIC = NO;
				GCC_NO_COMMON_BLOCKS = YES;
				GCC_OPTIMIZATION_LEVEL = 0;
				GCC_PREPROCESSOR_DEFINITIONS = (
					"DEBUG=1",
					"$(inherited)",
				);
				GCC_WARN_64_TO_32_BIT_CONVERSION = YES;
				GCC_WARN_ABOUT_RETURN_TYPE = YES_ERROR;
				GCC_WARN_UNDECLARED_SELECTOR = YES;
				GCC_WARN_UNINITIALIZED_AUTOS = YES_AGGRESSIVE;
				GCC_WARN_UNUSED_FUNCTION = YES;
				GCC_WARN_UNUSED_VARIABLE = YES;
				IPHONEOS_DEPLOYMENT_TARGET = 12.2;
				MTL_ENABLE_DEBUG_INFO = INCLUDE_SOURCE;
				MTL_FAST_MATH = YES;
				ONLY_ACTIVE_ARCH = YES;
				SDKROOT = iphoneos;
				SWIFT_ACTIVE_COMPILATION_CONDITIONS = DEBUG;
				SWIFT_OPTIMIZATION_LEVEL = "-Onone";
			};
			name = Debug;
		};
		539473D2229D755F0097A3E8 /* Release */ = {
			isa = XCBuildConfiguration;
			buildSettings = {
				ALWAYS_SEARCH_USER_PATHS = NO;
				CLANG_ANALYZER_NONNULL = YES;
				CLANG_ANALYZER_NUMBER_OBJECT_CONVERSION = YES_AGGRESSIVE;
				CLANG_CXX_LANGUAGE_STANDARD = "gnu++14";
				CLANG_CXX_LIBRARY = "libc++";
				CLANG_ENABLE_MODULES = YES;
				CLANG_ENABLE_OBJC_ARC = YES;
				CLANG_ENABLE_OBJC_WEAK = YES;
				CLANG_WARN_BLOCK_CAPTURE_AUTORELEASING = YES;
				CLANG_WARN_BOOL_CONVERSION = YES;
				CLANG_WARN_COMMA = YES;
				CLANG_WARN_CONSTANT_CONVERSION = YES;
				CLANG_WARN_DEPRECATED_OBJC_IMPLEMENTATIONS = YES;
				CLANG_WARN_DIRECT_OBJC_ISA_USAGE = YES_ERROR;
				CLANG_WARN_DOCUMENTATION_COMMENTS = YES;
				CLANG_WARN_EMPTY_BODY = YES;
				CLANG_WARN_ENUM_CONVERSION = YES;
				CLANG_WARN_INFINITE_RECURSION = YES;
				CLANG_WARN_INT_CONVERSION = YES;
				CLANG_WARN_NON_LITERAL_NULL_CONVERSION = YES;
				CLANG_WARN_OBJC_IMPLICIT_RETAIN_SELF = YES;
				CLANG_WARN_OBJC_LITERAL_CONVERSION = YES;
				CLANG_WARN_OBJC_ROOT_CLASS = YES_ERROR;
				CLANG_WARN_RANGE_LOOP_ANALYSIS = YES;
				CLANG_WARN_STRICT_PROTOTYPES = YES;
				CLANG_WARN_SUSPICIOUS_MOVE = YES;
				CLANG_WARN_UNGUARDED_AVAILABILITY = YES_AGGRESSIVE;
				CLANG_WARN_UNREACHABLE_CODE = YES;
				CLANG_WARN__DUPLICATE_METHOD_MATCH = YES;
				CODE_SIGN_IDENTITY = "iPhone Developer";
				COPY_PHASE_STRIP = NO;
				DEBUG_INFORMATION_FORMAT = "dwarf-with-dsym";
				ENABLE_NS_ASSERTIONS = NO;
				ENABLE_STRICT_OBJC_MSGSEND = YES;
				GCC_C_LANGUAGE_STANDARD = gnu11;
				GCC_NO_COMMON_BLOCKS = YES;
				GCC_WARN_64_TO_32_BIT_CONVERSION = YES;
				GCC_WARN_ABOUT_RETURN_TYPE = YES_ERROR;
				GCC_WARN_UNDECLARED_SELECTOR = YES;
				GCC_WARN_UNINITIALIZED_AUTOS = YES_AGGRESSIVE;
				GCC_WARN_UNUSED_FUNCTION = YES;
				GCC_WARN_UNUSED_VARIABLE = YES;
				IPHONEOS_DEPLOYMENT_TARGET = 12.2;
				MTL_ENABLE_DEBUG_INFO = NO;
				MTL_FAST_MATH = YES;
				SDKROOT = iphoneos;
				SWIFT_COMPILATION_MODE = wholemodule;
				SWIFT_OPTIMIZATION_LEVEL = "-O";
				VALIDATE_PRODUCT = YES;
			};
			name = Release;
		};
		539473D4229D755F0097A3E8 /* Debug */ = {
			isa = XCBuildConfiguration;
			buildSettings = {
				ASSETCATALOG_COMPILER_APPICON_NAME = AppIcon;
				CODE_SIGN_STYLE = Automatic;
				DEVELOPMENT_TEAM = 79752NZG5B;
				INFOPLIST_FILE = PerformanceTester/Info.plist;
				LD_RUNPATH_SEARCH_PATHS = (
					"$(inherited)",
					"@executable_path/Frameworks",
				);
				PRODUCT_BUNDLE_IDENTIFIER = com.shubhambakshi.PerformanceTester;
				PRODUCT_NAME = "$(TARGET_NAME)";
				SWIFT_VERSION = 5.0;
				TARGETED_DEVICE_FAMILY = "1,2";
			};
			name = Debug;
		};
		539473D5229D755F0097A3E8 /* Release */ = {
			isa = XCBuildConfiguration;
			buildSettings = {
				ASSETCATALOG_COMPILER_APPICON_NAME = AppIcon;
				CODE_SIGN_STYLE = Automatic;
				DEVELOPMENT_TEAM = 79752NZG5B;
				INFOPLIST_FILE = PerformanceTester/Info.plist;
				LD_RUNPATH_SEARCH_PATHS = (
					"$(inherited)",
					"@executable_path/Frameworks",
				);
				PRODUCT_BUNDLE_IDENTIFIER = com.shubhambakshi.PerformanceTester;
				PRODUCT_NAME = "$(TARGET_NAME)";
				SWIFT_VERSION = 5.0;
				TARGETED_DEVICE_FAMILY = "1,2";
			};
			name = Release;
		};
		539473D7229D755F0097A3E8 /* Debug */ = {
			isa = XCBuildConfiguration;
			buildSettings = {
				ALWAYS_EMBED_SWIFT_STANDARD_LIBRARIES = YES;
				BUNDLE_LOADER = "$(TEST_HOST)";
				CODE_SIGN_STYLE = Automatic;
				DEVELOPMENT_TEAM = 79752NZG5B;
				INFOPLIST_FILE = PerformanceTesterTests/Info.plist;
				LD_RUNPATH_SEARCH_PATHS = (
					"$(inherited)",
					"@executable_path/Frameworks",
					"@loader_path/Frameworks",
				);
				PRODUCT_BUNDLE_IDENTIFIER = com.shubhambakshi.PerformanceTesterTests;
				PRODUCT_NAME = "$(TARGET_NAME)";
				SWIFT_VERSION = 5.0;
				TARGETED_DEVICE_FAMILY = "1,2";
				TEST_HOST = "$(BUILT_PRODUCTS_DIR)/PerformanceTester.app/PerformanceTester";
			};
			name = Debug;
		};
		539473D8229D755F0097A3E8 /* Release */ = {
			isa = XCBuildConfiguration;
			buildSettings = {
				ALWAYS_EMBED_SWIFT_STANDARD_LIBRARIES = YES;
				BUNDLE_LOADER = "$(TEST_HOST)";
				CODE_SIGN_STYLE = Automatic;
				DEVELOPMENT_TEAM = 79752NZG5B;
				INFOPLIST_FILE = PerformanceTesterTests/Info.plist;
				LD_RUNPATH_SEARCH_PATHS = (
					"$(inherited)",
					"@executable_path/Frameworks",
					"@loader_path/Frameworks",
				);
				PRODUCT_BUNDLE_IDENTIFIER = com.shubhambakshi.PerformanceTesterTests;
				PRODUCT_NAME = "$(TARGET_NAME)";
				SWIFT_VERSION = 5.0;
				TARGETED_DEVICE_FAMILY = "1,2";
				TEST_HOST = "$(BUILT_PRODUCTS_DIR)/PerformanceTester.app/PerformanceTester";
			};
			name = Release;
		};
/* End XCBuildConfiguration section */

/* Begin XCConfigurationList section */
		539473AE229D75470097A3E8 /* Build configuration list for PBXProject "PerformanceTester" */ = {
			isa = XCConfigurationList;
			buildConfigurations = (
				539473D1229D755F0097A3E8 /* Debug */,
				539473D2229D755F0097A3E8 /* Release */,
			);
			defaultConfigurationIsVisible = 0;
			defaultConfigurationName = Release;
		};
		539473D3229D755F0097A3E8 /* Build configuration list for PBXNativeTarget "PerformanceTester" */ = {
			isa = XCConfigurationList;
			buildConfigurations = (
				539473D4229D755F0097A3E8 /* Debug */,
				539473D5229D755F0097A3E8 /* Release */,
			);
			defaultConfigurationIsVisible = 0;
			defaultConfigurationName = Release;
		};
		539473D6229D755F0097A3E8 /* Build configuration list for PBXNativeTarget "PerformanceTesterTests" */ = {
			isa = XCConfigurationList;
			buildConfigurations = (
				539473D7229D755F0097A3E8 /* Debug */,
				539473D8229D755F0097A3E8 /* Release */,
			);
			defaultConfigurationIsVisible = 0;
			defaultConfigurationName = Release;
		};
/* End XCConfigurationList section */

/* Begin XCVersionGroup section */
		539473BD229D75480097A3E8 /* PerformanceTester.xcdatamodeld */ = {
			isa = XCVersionGroup;
			children = (
				539473BE229D75480097A3E8 /* PerformanceTester.xcdatamodel */,
			);
			currentVersion = 539473BE229D75480097A3E8 /* PerformanceTester.xcdatamodel */;
			path = PerformanceTester.xcdatamodeld;
			sourceTree = "<group>";
			versionGroupType = wrapper.xcdatamodel;
		};
/* End XCVersionGroup section */
	};
	rootObject = 539473AB229D75470097A3E8 /* Project object */;
}
